
Microsoft Visual Studio Solution File, Format Version 12.00
# Visual Studio Version 18
VisualStudioVersion = 18.3.11222.16 d18.3
MinimumVisualStudioVersion = 10.0.40219.1
Project("{FAE04EC0-301F-11D3-BF4B-00C04F79EFBC}") = "01_MVC_Giris", "01_MVC_Giris\01_MVC_Giris.csproj", "{EA25349B-C9E8-4A50-A28F-5EE2749350B1}"
EndProject
Project("{FAE04EC0-301F-11D3-BF4B-00C04F79EFBC}") = "02_Routes", "02_Routes\02_Routes.csproj", "{F8384332-AFE0-48CE-8AA3-287DA883E77B}"
EndProject
Project("{FAE04EC0-301F-11D3-BF4B-00C04F79EFBC}") = "03_Controller_To_View", "03_Controller_To_View\03_Controller_To_View.csproj", "{9EE8633B-64FE-475E-97EF-236FF3E25EE8}"
EndProject
Project("{FAE04EC0-301F-11D3-BF4B-00C04F79EFBC}") = "04_View_To_Controller", "04_View_To_Controller\04_View_To_Controller.csproj", "{B3980BC9-BCA1-468B-903C-F0ED85F737A3}"
EndProject
Project("{FAE04EC0-301F-11D3-BF4B-00C04F79EFBC}") = "05_ViewBag_ViewData_TempData", "05_ViewBag_ViewData_TempData\05_ViewBag_ViewData_TempData.csproj", "{BC10E9E1-0F61-49BC-816A-934A84902CFA}"
EndProject
Project("{FAE04EC0-301F-11D3-BF4B-00C04F79EFBC}") = "06_ModelsExample", "06_ModelsExample\06_ModelsExample.csproj", "{84F10645-F050-4E24-9E42-CD77E1B366DB}"
EndProject
Project("{FAE04EC0-301F-11D3-BF4B-00C04F79EFBC}") = "07_HtmlHelper_Models", "07_HtmlHelper_Models\07_HtmlHelper_Models.csproj", "{61562CFA-CB89-4FCB-9F80-CF414E3B1997}"
EndProject
Project("{FAE04EC0-301F-11D3-BF4B-00C04F79EFBC}") = "08_CustomHelpers", "08_CustomHelpers\08_CustomHelpers.csproj", "{CC354CAF-8B22-49B2-8A4B-6577A0FE782C}"
EndProject
Project("{FAE04EC0-301F-11D3-BF4B-00C04F79EFBC}") = "09_View_PartilaView_Layout", "09_View_PartilaView_Layout\09_View_PartilaView_Layout.csproj", "{20DAC7CF-7C34-47A3-B142-B0B95C9B9A99}"
EndProject
Project("{FAE04EC0-301F-11D3-BF4B-00C04F79EFBC}") = "10_Render_Nested_Section", "10_Render_Nested_Section\10_Render_Nested_Section.csproj", "{74B766C3-6F66-42B5-B31D-55B69F657EB3}"
EndProject
Project("{FAE04EC0-301F-11D3-BF4B-00C04F79EFBC}") = "11_Models_Binding", "11_Models_Binding\11_Models_Binding.csproj", "{D3EC12E4-9639-40CC-A406-3FD8015A6946}"
EndProject
Project("{FAE04EC0-301F-11D3-BF4B-00C04F79EFBC}") = "12_Fluent_Validation", "12_Fluent_Validation\12_Fluent_Validation.csproj", "{019DF87F-08F1-4393-B17C-F8CCD8306BAA}"
EndProject
Project("{FAE04EC0-301F-11D3-BF4B-00C04F79EFBC}") = "13_Dependency_Injection", "13_Dependency_Injection\13_Dependency_Injection.csproj", "{D16169C2-CCCE-4276-96AB-0914ED7B9432}"
EndProject
Project("{FAE04EC0-301F-11D3-BF4B-00C04F79EFBC}") = "14_State_Management", "14_State_Management\14_State_Management.csproj", "{3840ED6E-E82C-4150-9EF5-1165D5868DC5}"
EndProject
Project("{FAE04EC0-301F-11D3-BF4B-00C04F79EFBC}") = "16_Middleware", "16_Middleware\16_Middleware.csproj", "{3E782CA4-044C-48A0-8328-51FA21AA9139}"
EndProject
Project("{FAE04EC0-301F-11D3-BF4B-00C04F79EFBC}") = "15_Filter_Operations", "17_Filter_Operations\15_Filter_Operations.csproj", "{1D35E0A9-527E-49D1-935D-00C346AC2512}"
EndProject
Global
	GlobalSection(SolutionConfigurationPlatforms) = preSolution
		Debug|Any CPU = Debug|Any CPU
		Release|Any CPU = Release|Any CPU
	EndGlobalSection
	GlobalSection(ProjectConfigurationPlatforms) = postSolution
		{EA25349B-C9E8-4A50-A28F-5EE2749350B1}.Debug|Any CPU.ActiveCfg = Debug|Any CPU
		{EA25349B-C9E8-4A50-A28F-5EE2749350B1}.Debug|Any CPU.Build.0 = Debug|Any CPU
		{EA25349B-C9E8-4A50-A28F-5EE2749350B1}.Release|Any CPU.ActiveCfg = Release|Any CPU
		{EA25349B-C9E8-4A50-A28F-5EE2749350B1}.Release|Any CPU.Build.0 = Release|Any CPU
		{F8384332-AFE0-48CE-8AA3-287DA883E77B}.Debug|Any CPU.ActiveCfg = Debug|Any CPU
		{F8384332-AFE0-48CE-8AA3-287DA883E77B}.Debug|Any CPU.Build.0 = Debug|Any CPU
		{F8384332-AFE0-48CE-8AA3-287DA883E77B}.Release|Any CPU.ActiveCfg = Release|Any CPU
		{F8384332-AFE0-48CE-8AA3-287DA883E77B}.Release|Any CPU.Build.0 = Release|Any CPU
		{9EE8633B-64FE-475E-97EF-236FF3E25EE8}.Debug|Any CPU.ActiveCfg = Debug|Any CPU
		{9EE8633B-64FE-475E-97EF-236FF3E25EE8}.Debug|Any CPU.Build.0 = Debug|Any CPU
		{9EE8633B-64FE-475E-97EF-236FF3E25EE8}.Release|Any CPU.ActiveCfg = Release|Any CPU
		{9EE8633B-64FE-475E-97EF-236FF3E25EE8}.Release|Any CPU.Build.0 = Release|Any CPU
		{B3980BC9-BCA1-468B-903C-F0ED85F737A3}.Debug|Any CPU.ActiveCfg = Debug|Any CPU
		{B3980BC9-BCA1-468B-903C-F0ED85F737A3}.Debug|Any CPU.Build.0 = Debug|Any CPU
		{B3980BC9-BCA1-468B-903C-F0ED85F737A3}.Release|Any CPU.ActiveCfg = Release|Any CPU
		{B3980BC9-BCA1-468B-903C-F0ED85F737A3}.Release|Any CPU.Build.0 = Release|Any CPU
		{BC10E9E1-0F61-49BC-816A-934A84902CFA}.Debug|Any CPU.ActiveCfg = Debug|Any CPU
		{BC10E9E1-0F61-49BC-816A-934A84902CFA}.Debug|Any CPU.Build.0 = Debug|Any CPU
		{BC10E9E1-0F61-49BC-816A-934A84902CFA}.Release|Any CPU.ActiveCfg = Release|Any CPU
		{BC10E9E1-0F61-49BC-816A-934A84902CFA}.Release|Any CPU.Build.0 = Release|Any CPU
		{84F10645-F050-4E24-9E42-CD77E1B366DB}.Debug|Any CPU.ActiveCfg = Debug|Any CPU
		{84F10645-F050-4E24-9E42-CD77E1B366DB}.Debug|Any CPU.Build.0 = Debug|Any CPU
		{84F10645-F050-4E24-9E42-CD77E1B366DB}.Release|Any CPU.ActiveCfg = Release|Any CPU
		{84F10645-F050-4E24-9E42-CD77E1B366DB}.Release|Any CPU.Build.0 = Release|Any CPU
		{61562CFA-CB89-4FCB-9F80-CF414E3B1997}.Debug|Any CPU.ActiveCfg = Debug|Any CPU
		{61562CFA-CB89-4FCB-9F80-CF414E3B1997}.Debug|Any CPU.Build.0 = Debug|Any CPU
		{61562CFA-CB89-4FCB-9F80-CF414E3B1997}.Release|Any CPU.ActiveCfg = Release|Any CPU
		{61562CFA-CB89-4FCB-9F80-CF414E3B1997}.Release|Any CPU.Build.0 = Release|Any CPU
		{CC354CAF-8B22-49B2-8A4B-6577A0FE782C}.Debug|Any CPU.ActiveCfg = Debug|Any CPU
		{CC354CAF-8B22-49B2-8A4B-6577A0FE782C}.Debug|Any CPU.Build.0 = Debug|Any CPU
		{CC354CAF-8B22-49B2-8A4B-6577A0FE782C}.Release|Any CPU.ActiveCfg = Release|Any CPU
		{CC354CAF-8B22-49B2-8A4B-6577A0FE782C}.Release|Any CPU.Build.0 = Release|Any CPU
		{20DAC7CF-7C34-47A3-B142-B0B95C9B9A99}.Debug|Any CPU.ActiveCfg = Debug|Any CPU
		{20DAC7CF-7C34-47A3-B142-B0B95C9B9A99}.Debug|Any CPU.Build.0 = Debug|Any CPU
		{20DAC7CF-7C34-47A3-B142-B0B95C9B9A99}.Release|Any CPU.ActiveCfg = Release|Any CPU
		{20DAC7CF-7C34-47A3-B142-B0B95C9B9A99}.Release|Any CPU.Build.0 = Release|Any CPU
		{74B766C3-6F66-42B5-B31D-55B69F657EB3}.Debug|Any CPU.ActiveCfg = Debug|Any CPU
		{74B766C3-6F66-42B5-B31D-55B69F657EB3}.Debug|Any CPU.Build.0 = Debug|Any CPU
		{74B766C3-6F66-42B5-B31D-55B69F657EB3}.Release|Any CPU.ActiveCfg = Release|Any CPU
		{74B766C3-6F66-42B5-B31D-55B69F657EB3}.Release|Any CPU.Build.0 = Release|Any CPU
		{D3EC12E4-9639-40CC-A406-3FD8015A6946}.Debug|Any CPU.ActiveCfg = Debug|Any CPU
		{D3EC12E4-9639-40CC-A406-3FD8015A6946}.Debug|Any CPU.Build.0 = Debug|Any CPU
		{D3EC12E4-9639-40CC-A406-3FD8015A6946}.Release|Any CPU.ActiveCfg = Release|Any CPU
		{D3EC12E4-9639-40CC-A406-3FD8015A6946}.Release|Any CPU.Build.0 = Release|Any CPU
		{019DF87F-08F1-4393-B17C-F8CCD8306BAA}.Debug|Any CPU.ActiveCfg = Debug|Any CPU
		{019DF87F-08F1-4393-B17C-F8CCD8306BAA}.Debug|Any CPU.Build.0 = Debug|Any CPU
		{019DF87F-08F1-4393-B17C-F8CCD8306BAA}.Release|Any CPU.ActiveCfg = Release|Any CPU
		{019DF87F-08F1-4393-B17C-F8CCD8306BAA}.Release|Any CPU.Build.0 = Release|Any CPU
		{D16169C2-CCCE-4276-96AB-0914ED7B9432}.Debug|Any CPU.ActiveCfg = Debug|Any CPU
		{D16169C2-CCCE-4276-96AB-0914ED7B9432}.Debug|Any CPU.Build.0 = Debug|Any CPU
		{D16169C2-CCCE-4276-96AB-0914ED7B9432}.Release|Any CPU.ActiveCfg = Release|Any CPU
		{D16169C2-CCCE-4276-96AB-0914ED7B9432}.Release|Any CPU.Build.0 = Release|Any CPU
		{3840ED6E-E82C-4150-9EF5-1165D5868DC5}.Debug|Any CPU.ActiveCfg = Debug|Any CPU
		{3840ED6E-E82C-4150-9EF5-1165D5868DC5}.Debug|Any CPU.Build.0 = Debug|Any CPU
		{3840ED6E-E82C-4150-9EF5-1165D5868DC5}.Release|Any CPU.ActiveCfg = Release|Any CPU
		{3840ED6E-E82C-4150-9EF5-1165D5868DC5}.Release|Any CPU.Build.0 = Release|Any CPU
		{3E782CA4-044C-48A0-8328-51FA21AA9139}.Debug|Any CPU.ActiveCfg = Debug|Any CPU
		{3E782CA4-044C-48A0-8328-51FA21AA9139}.Debug|Any CPU.Build.0 = Debug|Any CPU
		{3E782CA4-044C-48A0-8328-51FA21AA9139}.Release|Any CPU.ActiveCfg = Release|Any CPU
		{3E782CA4-044C-48A0-8328-51FA21AA9139}.Release|Any CPU.Build.0 = Release|Any CPU
		{1D35E0A9-527E-49D1-935D-00C346AC2512}.Debug|Any CPU.ActiveCfg = Debug|Any CPU
		{1D35E0A9-527E-49D1-935D-00C346AC2512}.Debug|Any CPU.Build.0 = Debug|Any CPU
		{1D35E0A9-527E-49D1-935D-00C346AC2512}.Release|Any CPU.ActiveCfg = Release|Any CPU
		{1D35E0A9-527E-49D1-935D-00C346AC2512}.Release|Any CPU.Build.0 = Release|Any CPU
	EndGlobalSection
	GlobalSection(SolutionProperties) = preSolution
		HideSolutionNode = FALSE
	EndGlobalSection
	GlobalSection(ExtensibilityGlobals) = postSolution
		SolutionGuid = {FB6F1C40-7CE1-4563-86FD-F073EDFDB42F}
	EndGlobalSection
EndGlobal
