
Microsoft Visual Studio Solution File, Format Version 12.00
# Visual Studio Version 17
VisualStudioVersion = 17.14.36408.4
MinimumVisualStudioVersion = 10.0.40219.1
Project("{FAE04EC0-301F-11D3-BF4B-00C04F79EFBC}") = "01_MVC_Giris", "01_MVC_Giris\01_MVC_Giris.csproj", "{EA25349B-C9E8-4A50-A28F-5EE2749350B1}"
EndProject
Global
	GlobalSection(SolutionConfigurationPlatforms) = preSolution
		Debug|Any CPU = Debug|Any CPU
		Release|Any CPU = Release|Any CPU
	EndGlobalSection
	GlobalSection(ProjectConfigurationPlatforms) = postSolution
		{EA25349B-C9E8-4A50-A28F-5EE2749350B1}.Debug|Any CPU.ActiveCfg = Debug|Any CPU
		{EA25349B-C9E8-4A50-A28F-5EE2749350B1}.Debug|Any CPU.Build.0 = Debug|Any CPU
		{EA25349B-C9E8-4A50-A28F-5EE2749350B1}.Release|Any CPU.ActiveCfg = Release|Any CPU
		{EA25349B-C9E8-4A50-A28F-5EE2749350B1}.Release|Any CPU.Build.0 = Release|Any CPU
	EndGlobalSection
	GlobalSection(SolutionProperties) = preSolution
		HideSolutionNode = FALSE
	EndGlobalSection
	GlobalSection(ExtensibilityGlobals) = postSolution
		SolutionGuid = {FB6F1C40-7CE1-4563-86FD-F073EDFDB42F}
	EndGlobalSection
EndGlobal
